
Microsoft Visual Studio Solution File, Format Version 12.00
# Visual Studio Version 16
VisualStudioVersion = 16.0.29920.165
MinimumVisualStudioVersion = 10.0.40219.1
Project("{9A19103F-16F7-4668-BE54-9A1E7A4F7556}") = "SmartHouseLibrary", "SmartHouse\SmartHouseLibrary.csproj", "{7CD0DD90-26DC-40C9-89EE-341BB42E0F34}"
EndProject
Project("{FAE04EC0-301F-11D3-BF4B-00C04F79EFBC}") = "CoffeeMakerTests", "CoffeeMakerTests\CoffeeMakerTests.csproj", "{1A968EC2-81F0-4B47-A575-829FA8FA2D14}"
EndProject
Global
	GlobalSection(SolutionConfigurationPlatforms) = preSolution
		Debug|Any CPU = Debug|Any CPU
		Release|Any CPU = Release|Any CPU
	EndGlobalSection
	GlobalSection(ProjectConfigurationPlatforms) = postSolution
		{7CD0DD90-26DC-40C9-89EE-341BB42E0F34}.Debug|Any CPU.ActiveCfg = Debug|Any CPU
		{7CD0DD90-26DC-40C9-89EE-341BB42E0F34}.Debug|Any CPU.Build.0 = Debug|Any CPU
		{7CD0DD90-26DC-40C9-89EE-341BB42E0F34}.Release|Any CPU.ActiveCfg = Release|Any CPU
		{7CD0DD90-26DC-40C9-89EE-341BB42E0F34}.Release|Any CPU.Build.0 = Release|Any CPU
		{1A968EC2-81F0-4B47-A575-829FA8FA2D14}.Debug|Any CPU.ActiveCfg = Debug|Any CPU
		{1A968EC2-81F0-4B47-A575-829FA8FA2D14}.Debug|Any CPU.Build.0 = Debug|Any CPU
		{1A968EC2-81F0-4B47-A575-829FA8FA2D14}.Release|Any CPU.ActiveCfg = Release|Any CPU
		{1A968EC2-81F0-4B47-A575-829FA8FA2D14}.Release|Any CPU.Build.0 = Release|Any CPU
	EndGlobalSection
	GlobalSection(SolutionProperties) = preSolution
		HideSolutionNode = FALSE
	EndGlobalSection
	GlobalSection(ExtensibilityGlobals) = postSolution
		SolutionGuid = {12CD0BF2-9D6D-436C-918F-D1A5D1379979}
	EndGlobalSection
EndGlobal
